github.com/rcrowley/mergician v0.0.0-20251130073118-e00557126233 h1:riLTEkxAshFvn+TRyXqfx0RIIxGUUTaJ1+5OIqMLk7s=
github.com/rcrowley/mergician v0.0.0-20251130073118-e00557126233/go.mod h1:d1O8lLOnazx0MYixoLofqOsnyY44lGCH3WRv+F8vGXo=
github.com/rcrowley/mergician v0.0.0-20260728204154-887fb3a6e8b8 h1:cv3uAAVSvJgt9W/NP7+kGnD4zALXGNPJMIWJoV2SwA8=
github.com/rcrowley/mergician v0.0.0-20260728204154-887fb3a6e8b8/go.mod h1:Jpmg1m6JEfhZ0v3ouqIuSme+g07YrYBe0k2W4mZHLHc=
github.com/rcrowley/mergician v0.0.0-20260728204653-d6bcef79538e h1:uZE2f7ceksJMAIXHFLlIOl8LMobTdKCcZ0354pBReiQ=
github.com/rcrowley/mergician v0.0.0-20260728204653-d6bcef79538e/go.mod h1:JnmN2Po+gfHOmH0y9++cqZlouZvdsYdVRIEzVIe9sM8=
github.com/rcrowley/mergician v0.0.0-20260917032638-a79fdeace095 h1:CZztbggnCfr7vXFUYwEuCNU80LkHV7JF29i0/1AaF/E=
github.com/rcrowley/mergician v0.0.0-20260917032638-a79fdeace095/go.mod h1:PJ2BH7nGBqXGwBeZ4guLjoBVkUwd8R7URfcRrm3LRb0=
github.com/yuin/goldmark v1.8.5 h1:r6N5afV5qj/5S4UTch8agZHJ8UxNCMwX7WjkkJam2NA=
github.com/yuin/goldmark v1.8.5/go.mod h1:ip/1k0VRfGynBgxOz0yCqHrbZXhcjxyuS66Brc7iBKg=
github.com/yuin/goldmark v1.8.6 h1:d0VcaP1sx9GkFVkoW+KtggpGi2KZ965i14b0+bDQST4=
github.com/yuin/goldmark v1.8.6/go.mod h1:ip/1k0VRfGynBgxOz0yCqHrbZXhcjxyuS66Brc7iBKg=
golang.org/x/exp v0.0.0-20250808145144-a408d31f581a h1:Y+7uR/b1Mw2iSXZ3G//1haIiSElDQZ8KWh0h+sZPG90=
golang.org/x/exp v0.0.0-20250808145144-a408d31f581a/go.mod h1:rT6SFzZ7oxADUDx58pcaKFTcZ+inxAa9fTrYx/uVYwg=
golang.org/x/exp v0.0.0-20260727155853-b88d891fe743 h1:ex206bKw+v3K0dm3andkrIF+ijyQKJG1pLgwQ2PYdQM=
golang.org/x/exp v0.0.0-20260727155853-b88d891fe743/go.mod h1:EdfpwwqSu+0Li0mzskwHU6FWDV3t9Q+RZDo3QMUtL3Q=
golang.org/x/exp v0.0.0-20260908205506-85c1c2202aba h1:Ck8QetSgk912qxWLMCKxd0in+aiyBQyDSMae6e/xmpU=
golang.org/x/exp v0.0.0-20260908205506-85c1c2202aba/go.mod h1:50RgIsmK7OwqzTTeqcSXQW8SswW0o8fRcDxmqGluJ8E=
golang.org/x/net v0.47.0 h1:Mx+4dIFzqraBXUugkia1OOvlD6LemFo1ALMHjrXDOhY=
golang.org/x/net v0.47.0/go.mod h1:/jNxtkgq5yWUGYkaZGqo27cfGZ1c5Nen03aYrrKpVRU=
golang.org/x/net v0.57.0 h1:K5+3DljvIuDG9/Jv9rvyMywYNFCQ9RSUY6OOTTkT+tE=
golang.org/x/net v0.57.0/go.mod h1:KpXc8iv+r3XplLAG/f7Jsf9RPszJzdR0f58q9vGOuEU=
golang.org/x/net v0.59.0 h1:5zfYln+w5XCxwrnMMJPufRgNoXEaGxl0wo5GqPXyues=
golang.org/x/net v0.59.0/go.mod h1:2DA/G1UfVbCpQPeWTmMPGY7Cs2PkBkwu743bVX5PIVg=
