github.com/rcrowley/mergician v0.0.0-20251130073118-e00557126233 h1:riLTEkxAshFvn+TRyXqfx0RIIxGUUTaJ1+5OIqMLk7s=
github.com/rcrowley/mergician v0.0.0-20251130073118-e00557126233/go.mod h1:d1O8lLOnazx0MYixoLofqOsnyY44lGCH3WRv+F8vGXo=
golang.org/x/exp v0.0.0-20250808145144-a408d31f581a h1:Y+7uR/b1Mw2iSXZ3G//1haIiSElDQZ8KWh0h+sZPG90=
golang.org/x/exp v0.0.0-20250808145144-a408d31f581a/go.mod h1:rT6SFzZ7oxADUDx58pcaKFTcZ+inxAa9fTrYx/uVYwg=
golang.org/x/net v0.47.0 h1:Mx+4dIFzqraBXUugkia1OOvlD6LemFo1ALMHjrXDOhY=
golang.org/x/net v0.47.0/go.mod h1:/jNxtkgq5yWUGYkaZGqo27cfGZ1c5Nen03aYrrKpVRU=
